
Microsoft Visual Studio Solution File, Format Version 12.00
# Visual Studio Version 17
VisualStudioVersion = 17.9.34616.47
MinimumVisualStudioVersion = 10.0.40219.1
Project("{FAE04EC0-301F-11D3-BF4B-00C04F79EFBC}") = "PlcInspector.Main", "src\PlcInspector.Main\PlcInspector.Main.csproj", "{2C2BA7C6-FB51-40E7-AF44-CAFC843C64F9}"
EndProject
Global
	GlobalSection(SolutionConfigurationPlatforms) = preSolution
		Debug|Any CPU = Debug|Any CPU
		Release|Any CPU = Release|Any CPU
	EndGlobalSection
	GlobalSection(ProjectConfigurationPlatforms) = postSolution
		{2C2BA7C6-FB51-40E7-AF44-CAFC843C64F9}.Debug|Any CPU.ActiveCfg = Debug|Any CPU
		{2C2BA7C6-FB51-40E7-AF44-CAFC843C64F9}.Debug|Any CPU.Build.0 = Debug|Any CPU
		{2C2BA7C6-FB51-40E7-AF44-CAFC843C64F9}.Debug|Any CPU.Deploy.0 = Debug|Any CPU
		{2C2BA7C6-FB51-40E7-AF44-CAFC843C64F9}.Release|Any CPU.ActiveCfg = Release|Any CPU
		{2C2BA7C6-FB51-40E7-AF44-CAFC843C64F9}.Release|Any CPU.Build.0 = Release|Any CPU
		{2C2BA7C6-FB51-40E7-AF44-CAFC843C64F9}.Release|Any CPU.Deploy.0 = Release|Any CPU
	EndGlobalSection
	GlobalSection(SolutionProperties) = preSolution
		HideSolutionNode = FALSE
	EndGlobalSection
	GlobalSection(ExtensibilityGlobals) = postSolution
		SolutionGuid = {3C9D15A5-5458-4259-8823-07964AD0DBAE}
	EndGlobalSection
EndGlobal
