
Microsoft Visual Studio Solution File, Format Version 12.00
# Visual Studio Version 17
VisualStudioVersion = 17.9.34616.47
MinimumVisualStudioVersion = 10.0.40219.1
Project("{9A19103F-16F7-4668-BE54-9A1E7A4F7556}") = "1.PlcInspector.Main", "src\1.PlcInspector.Main\1.PlcInspector.Main.csproj", "{A3CC766A-F871-4EDC-836D-B765A5D36C16}"
EndProject
Project("{9A19103F-16F7-4668-BE54-9A1E7A4F7556}") = "2.PlcInspector.Domain", "src\2.PlcInspector.Domain\2.PlcInspector.Domain.csproj", "{D4779AC9-A746-41D1-8077-6BCD08A5D2BE}"
EndProject
Project("{9A19103F-16F7-4668-BE54-9A1E7A4F7556}") = "3.PlcInspector.Models", "src\3.PlcInspector.Models\3.PlcInspector.Models.csproj", "{1E4365C3-FF73-4C64-BE22-1AE115F060C6}"
EndProject
Global
	GlobalSection(SolutionConfigurationPlatforms) = preSolution
		Debug|Any CPU = Debug|Any CPU
		Release|Any CPU = Release|Any CPU
	EndGlobalSection
	GlobalSection(ProjectConfigurationPlatforms) = postSolution
		{A3CC766A-F871-4EDC-836D-B765A5D36C16}.Debug|Any CPU.ActiveCfg = Debug|Any CPU
		{A3CC766A-F871-4EDC-836D-B765A5D36C16}.Debug|Any CPU.Build.0 = Debug|Any CPU
		{A3CC766A-F871-4EDC-836D-B765A5D36C16}.Debug|Any CPU.Deploy.0 = Debug|Any CPU
		{A3CC766A-F871-4EDC-836D-B765A5D36C16}.Release|Any CPU.ActiveCfg = Release|Any CPU
		{A3CC766A-F871-4EDC-836D-B765A5D36C16}.Release|Any CPU.Build.0 = Release|Any CPU
		{A3CC766A-F871-4EDC-836D-B765A5D36C16}.Release|Any CPU.Deploy.0 = Release|Any CPU
		{D4779AC9-A746-41D1-8077-6BCD08A5D2BE}.Debug|Any CPU.ActiveCfg = Debug|Any CPU
		{D4779AC9-A746-41D1-8077-6BCD08A5D2BE}.Debug|Any CPU.Build.0 = Debug|Any CPU
		{D4779AC9-A746-41D1-8077-6BCD08A5D2BE}.Release|Any CPU.ActiveCfg = Release|Any CPU
		{D4779AC9-A746-41D1-8077-6BCD08A5D2BE}.Release|Any CPU.Build.0 = Release|Any CPU
		{1E4365C3-FF73-4C64-BE22-1AE115F060C6}.Debug|Any CPU.ActiveCfg = Debug|Any CPU
		{1E4365C3-FF73-4C64-BE22-1AE115F060C6}.Debug|Any CPU.Build.0 = Debug|Any CPU
		{1E4365C3-FF73-4C64-BE22-1AE115F060C6}.Release|Any CPU.ActiveCfg = Release|Any CPU
		{1E4365C3-FF73-4C64-BE22-1AE115F060C6}.Release|Any CPU.Build.0 = Release|Any CPU
	EndGlobalSection
	GlobalSection(SolutionProperties) = preSolution
		HideSolutionNode = FALSE
	EndGlobalSection
	GlobalSection(ExtensibilityGlobals) = postSolution
		SolutionGuid = {3C9D15A5-5458-4259-8823-07964AD0DBAE}
	EndGlobalSection
EndGlobal
